
Microsoft Visual Studio Solution File, Format Version 12.00
Project("{FAE04EC0-301F-11D3-BF4B-00C04F79EFBC}") = "CRoutines", "CRoutines\CRoutines.csproj", "{EEB7AE8C-4A10-486A-BD7A-977590FE8EF2}"
EndProject
Project("{FAE04EC0-301F-11D3-BF4B-00C04F79EFBC}") = "CRoutines.Test", "CRoutines.Test\CRoutines.Test.csproj", "{169C920A-7E7B-402A-83BD-4DDFA15ED962}"
EndProject
Global
	GlobalSection(SolutionConfigurationPlatforms) = preSolution
		Debug|Any CPU = Debug|Any CPU
		Release|Any CPU = Release|Any CPU
	EndGlobalSection
	GlobalSection(ProjectConfigurationPlatforms) = postSolution
		{EEB7AE8C-4A10-486A-BD7A-977590FE8EF2}.Debug|Any CPU.ActiveCfg = Debug|Any CPU
		{EEB7AE8C-4A10-486A-BD7A-977590FE8EF2}.Debug|Any CPU.Build.0 = Debug|Any CPU
		{EEB7AE8C-4A10-486A-BD7A-977590FE8EF2}.Release|Any CPU.ActiveCfg = Release|Any CPU
		{EEB7AE8C-4A10-486A-BD7A-977590FE8EF2}.Release|Any CPU.Build.0 = Release|Any CPU
		{169C920A-7E7B-402A-83BD-4DDFA15ED962}.Debug|Any CPU.ActiveCfg = Debug|Any CPU
		{169C920A-7E7B-402A-83BD-4DDFA15ED962}.Debug|Any CPU.Build.0 = Debug|Any CPU
		{169C920A-7E7B-402A-83BD-4DDFA15ED962}.Release|Any CPU.ActiveCfg = Release|Any CPU
		{169C920A-7E7B-402A-83BD-4DDFA15ED962}.Release|Any CPU.Build.0 = Release|Any CPU
	EndGlobalSection
EndGlobal
